
Microsoft Visual Studio Solution File, Format Version 12.00
# Visual Studio Version 17
VisualStudioVersion = 17.8.34330.188
MinimumVisualStudioVersion = 10.0.40219.1
Project("{9A19103F-16F7-4668-BE54-9A1E7A4F7556}") = "Agenda.Domain", "Agenda.Domain\Agenda.Domain.csproj", "{915E79C3-08BB-43E0-85B8-2A8BFC02D138}"
EndProject
Project("{9A19103F-16F7-4668-BE54-9A1E7A4F7556}") = "Agenda.Data", "Agenda.Data\Agenda.Data.csproj", "{548AF6E2-F513-44D3-8C01-81C6AE497C53}"
EndProject
Project("{9A19103F-16F7-4668-BE54-9A1E7A4F7556}") = "Agenda.WebApi", "Agenda.WebApi\Agenda.WebApi.csproj", "{7E13BDD7-5FC6-4D59-83E2-BB8687E63DDA}"
EndProject
Project("{2150E333-8FDC-42A3-9474-1A3956D46DE8}") = "src", "src", "{5317926D-B801-4908-BFDA-8635A6ECDC42}"
EndProject
Project("{2150E333-8FDC-42A3-9474-1A3956D46DE8}") = "tests", "tests", "{490C5D91-CD6F-494C-B373-43DC01F0E444}"
EndProject
Global
	GlobalSection(SolutionConfigurationPlatforms) = preSolution
		Debug|Any CPU = Debug|Any CPU
		Release|Any CPU = Release|Any CPU
	EndGlobalSection
	GlobalSection(ProjectConfigurationPlatforms) = postSolution
		{915E79C3-08BB-43E0-85B8-2A8BFC02D138}.Debug|Any CPU.ActiveCfg = Debug|Any CPU
		{915E79C3-08BB-43E0-85B8-2A8BFC02D138}.Debug|Any CPU.Build.0 = Debug|Any CPU
		{915E79C3-08BB-43E0-85B8-2A8BFC02D138}.Release|Any CPU.ActiveCfg = Release|Any CPU
		{915E79C3-08BB-43E0-85B8-2A8BFC02D138}.Release|Any CPU.Build.0 = Release|Any CPU
		{548AF6E2-F513-44D3-8C01-81C6AE497C53}.Debug|Any CPU.ActiveCfg = Debug|Any CPU
		{548AF6E2-F513-44D3-8C01-81C6AE497C53}.Debug|Any CPU.Build.0 = Debug|Any CPU
		{548AF6E2-F513-44D3-8C01-81C6AE497C53}.Release|Any CPU.ActiveCfg = Release|Any CPU
		{548AF6E2-F513-44D3-8C01-81C6AE497C53}.Release|Any CPU.Build.0 = Release|Any CPU
		{7E13BDD7-5FC6-4D59-83E2-BB8687E63DDA}.Debug|Any CPU.ActiveCfg = Debug|Any CPU
		{7E13BDD7-5FC6-4D59-83E2-BB8687E63DDA}.Debug|Any CPU.Build.0 = Debug|Any CPU
		{7E13BDD7-5FC6-4D59-83E2-BB8687E63DDA}.Release|Any CPU.ActiveCfg = Release|Any CPU
		{7E13BDD7-5FC6-4D59-83E2-BB8687E63DDA}.Release|Any CPU.Build.0 = Release|Any CPU
	EndGlobalSection
	GlobalSection(SolutionProperties) = preSolution
		HideSolutionNode = FALSE
	EndGlobalSection
	GlobalSection(NestedProjects) = preSolution
		{915E79C3-08BB-43E0-85B8-2A8BFC02D138} = {5317926D-B801-4908-BFDA-8635A6ECDC42}
		{548AF6E2-F513-44D3-8C01-81C6AE497C53} = {5317926D-B801-4908-BFDA-8635A6ECDC42}
		{7E13BDD7-5FC6-4D59-83E2-BB8687E63DDA} = {5317926D-B801-4908-BFDA-8635A6ECDC42}
	EndGlobalSection
	GlobalSection(ExtensibilityGlobals) = postSolution
		SolutionGuid = {FEB37453-F57D-4C88-92A3-AA738AE930DD}
	EndGlobalSection
EndGlobal
